// !$*UTF8*$!
{
	archiveVersion = 1;
	classes = {
	};
	objectVersion = 50;
	objects = {

/* Begin PBXBuildFile section */
		9B401F4C210844DF00DCC3BA /* AppDelegate.swift in Sources */ = {isa = PBXBuildFile; fileRef = 9B401F4B210844DF00DCC3BA /* AppDelegate.swift */; };
		9B401F4E210844DF00DCC3BA /* ViewController.swift in Sources */ = {isa = PBXBuildFile; fileRef = 9B401F4D210844DF00DCC3BA /* ViewController.swift */; };
		9B401F51210844DF00DCC3BA /* Main.storyboard in Resources */ = {isa = PBXBuildFile; fileRef = 9B401F4F210844DF00DCC3BA /* Main.storyboard */; };
		9B401F54210844DF00DCC3BA /* DynamicFormDemo.xcdatamodeld in Sources */ = {isa = PBXBuildFile; fileRef = 9B401F52210844DF00DCC3BA /* DynamicFormDemo.xcdatamodeld */; };
		9B401F56210844ED00DCC3BA /* Assets.xcassets in Resources */ = {isa = PBXBuildFile; fileRef = 9B401F55210844ED00DCC3BA /* Assets.xcassets */; };
		9B401F59210844ED00DCC3BA /* LaunchScreen.storyboard in Resources */ = {isa = PBXBuildFile; fileRef = 9B401F57210844ED00DCC3BA /* LaunchScreen.storyboard */; };
		9B401F64210844EE00DCC3BA /* DynamicFormDemoTests.swift in Sources */ = {isa = PBXBuildFile; fileRef = 9B401F63210844EE00DCC3BA /* DynamicFormDemoTests.swift */; };
		9B401F6F210844EE00DCC3BA /* DynamicFormDemoUITests.swift in Sources */ = {isa = PBXBuildFile; fileRef = 9B401F6E210844EE00DCC3BA /* DynamicFormDemoUITests.swift */; };
/* End PBXBuildFile section */

/* Begin PBXContainerItemProxy section */
		9B401F60210844EE00DCC3BA /* PBXContainerItemProxy */ = {
			isa = PBXContainerItemProxy;
			containerPortal = 9B401F40210844DE00DCC3BA /* Project object */;
			proxyType = 1;
			remoteGlobalIDString = 9B401F47210844DF00DCC3BA;
			remoteInfo = DynamicFormDemo;
		};
		9B401F6B210844EE00DCC3BA /* PBXContainerItemProxy */ = {
			isa = PBXContainerItemProxy;
			containerPortal = 9B401F40210844DE00DCC3BA /* Project object */;
			proxyType = 1;
			remoteGlobalIDString = 9B401F47210844DF00DCC3BA;
			remoteInfo = DynamicFormDemo;
		};
/* End PBXContainerItemProxy section */

/* Begin PBXFileReference section */
		9B401F48210844DF00DCC3BA /* DynamicFormDemo.app */ = {isa = PBXFileReference; explicitFileType = wrapper.application; includeInIndex = 0; path = DynamicFormDemo.app; sourceTree = BUILT_PRODUCTS_DIR; };
		9B401F4B210844DF00DCC3BA /* AppDelegate.swift */ = {isa = PBXFileReference; lastKnownFileType = sourcecode.swift; path = AppDelegate.swift; sourceTree = "<group>"; };
		9B401F4D210844DF00DCC3BA /* ViewController.swift */ = {isa = PBXFileReference; lastKnownFileType = sourcecode.swift; path = ViewController.swift; sourceTree = "<group>"; };
		9B401F50210844DF00DCC3BA /* Base */ = {isa = PBXFileReference; lastKnownFileType = file.storyboard; name = Base; path = Base.lproj/Main.storyboard; sourceTree = "<group>"; };
		9B401F53210844DF00DCC3BA /* DynamicFormDemo.xcdatamodel */ = {isa = PBXFileReference; lastKnownFileType = wrapper.xcdatamodel; path = DynamicFormDemo.xcdatamodel; sourceTree = "<group>"; };
		9B401F55210844ED00DCC3BA /* Assets.xcassets */ = {isa = PBXFileReference; lastKnownFileType = folder.assetcatalog; path = Assets.xcassets; sourceTree = "<group>"; };
		9B401F58210844ED00DCC3BA /* Base */ = {isa = PBXFileReference; lastKnownFileType = file.storyboard; name = Base; path = Base.lproj/LaunchScreen.storyboard; sourceTree = "<group>"; };
		9B401F5A210844ED00DCC3BA /* Info.plist */ = {isa = PBXFileReference; lastKnownFileType = text.plist.xml; path = Info.plist; sourceTree = "<group>"; };
		9B401F5F210844EE00DCC3BA /* DynamicFormDemoTests.xctest */ = {isa = PBXFileReference; explicitFileType = wrapper.cfbundle; includeInIndex = 0; path = DynamicFormDemoTests.xctest; sourceTree = BUILT_PRODUCTS_DIR; };
		9B401F63210844EE00DCC3BA /* DynamicFormDemoTests.swift */ = {isa = PBXFileReference; lastKnownFileType = sourcecode.swift; path = DynamicFormDemoTests.swift; sourceTree = "<group>"; };
		9B401F65210844EE00DCC3BA /* Info.plist */ = {isa = PBXFileReference; lastKnownFileType = text.plist.xml; path = Info.plist; sourceTree = "<group>"; };
		9B401F6A210844EE00DCC3BA /* DynamicFormDemoUITests.xctest */ = {isa = PBXFileReference; explicitFileType = wrapper.cfbundle; includeInIndex = 0; path = DynamicFormDemoUITests.xctest; sourceTree = BUILT_PRODUCTS_DIR; };
		9B401F6E210844EE00DCC3BA /* DynamicFormDemoUITests.swift */ = {isa = PBXFileReference; lastKnownFileType = sourcecode.swift; path = DynamicFormDemoUITests.swift; sourceTree = "<group>"; };
		9B401F70210844EE00DCC3BA /* Info.plist */ = {isa = PBXFileReference; lastKnownFileType = text.plist.xml; path = Info.plist; sourceTree = "<group>"; };
/* End PBXFileReference section */

/* Begin PBXFrameworksBuildPhase section */
		9B401F45210844DF00DCC3BA /* Frameworks */ = {
			isa = PBXFrameworksBuildPhase;
			buildActionMask = 2147483647;
			files = (
			);
			runOnlyForDeploymentPostprocessing = 0;
		};
		9B401F5C210844EE00DCC3BA /* Frameworks */ = {
			isa = PBXFrameworksBuildPhase;
			buildActionMask = 2147483647;
			files = (
			);
			runOnlyForDeploymentPostprocessing = 0;
		};
		9B401F67210844EE00DCC3BA /* Frameworks */ = {
			isa = PBXFrameworksBuildPhase;
			buildActionMask = 2147483647;
			files = (
			);
			runOnlyForDeploymentPostprocessing = 0;
		};
/* End PBXFrameworksBuildPhase section */

/* Begin PBXGroup section */
		9B401F3F210844DE00DCC3BA = {
			isa = PBXGroup;
			children = (
				9B401F4A210844DF00DCC3BA /* DynamicFormDemo */,
				9B401F62210844EE00DCC3BA /* DynamicFormDemoTests */,
				9B401F6D210844EE00DCC3BA /* DynamicFormDemoUITests */,
				9B401F49210844DF00DCC3BA /* Products */,
			);
			sourceTree = "<group>";
		};
		9B401F49210844DF00DCC3BA /* Products */ = {
			isa = PBXGroup;
			children = (
				9B401F48210844DF00DCC3BA /* DynamicFormDemo.app */,
				9B401F5F210844EE00DCC3BA /* DynamicFormDemoTests.xctest */,
				9B401F6A210844EE00DCC3BA /* DynamicFormDemoUITests.xctest */,
			);
			name = Products;
			sourceTree = "<group>";
		};
		9B401F4A210844DF00DCC3BA /* DynamicFormDemo */ = {
			isa = PBXGroup;
			children = (
				9B401F4B210844DF00DCC3BA /* AppDelegate.swift */,
				9B401F4D210844DF00DCC3BA /* ViewController.swift */,
				9B401F4F210844DF00DCC3BA /* Main.storyboard */,
				9B401F55210844ED00DCC3BA /* Assets.xcassets */,
				9B401F57210844ED00DCC3BA /* LaunchScreen.storyboard */,
				9B401F5A210844ED00DCC3BA /* Info.plist */,
				9B401F52210844DF00DCC3BA /* DynamicFormDemo.xcdatamodeld */,
			);
			path = DynamicFormDemo;
			sourceTree = "<group>";
		};
		9B401F62210844EE00DCC3BA /* DynamicFormDemoTests */ = {
			isa = PBXGroup;
			children = (
				9B401F63210844EE00DCC3BA /* DynamicFormDemoTests.swift */,
				9B401F65210844EE00DCC3BA /* Info.plist */,
			);
			path = DynamicFormDemoTests;
			sourceTree = "<group>";
		};
		9B401F6D210844EE00DCC3BA /* DynamicFormDemoUITests */ = {
			isa = PBXGroup;
			children = (
				9B401F6E210844EE00DCC3BA /* DynamicFormDemoUITests.swift */,
				9B401F70210844EE00DCC3BA /* Info.plist */,
			);
			path = DynamicFormDemoUITests;
			sourceTree = "<group>";
		};
/* End PBXGroup section */

/* Begin PBXNativeTarget section */
		9B401F47210844DF00DCC3BA /* DynamicFormDemo */ = {
			isa = PBXNativeTarget;
			buildConfigurationList = 9B401F73210844EE00DCC3BA /* Build configuration list for PBXNativeTarget "DynamicFormDemo" */;
			buildPhases = (
				9B401F44210844DF00DCC3BA /* Sources */,
				9B401F45210844DF00DCC3BA /* Frameworks */,
				9B401F46210844DF00DCC3BA /* Resources */,
			);
			buildRules = (
			);
			dependencies = (
			);
			name = DynamicFormDemo;
			productName = DynamicFormDemo;
			productReference = 9B401F48210844DF00DCC3BA /* DynamicFormDemo.app */;
			productType = "com.apple.product-type.application";
		};
		9B401F5E210844EE00DCC3BA /* DynamicFormDemoTests */ = {
			isa = PBXNativeTarget;
			buildConfigurationList = 9B401F76210844EE00DCC3BA /* Build configuration list for PBXNativeTarget "DynamicFormDemoTests" */;
			buildPhases = (
				9B401F5B210844EE00DCC3BA /* Sources */,
				9B401F5C210844EE00DCC3BA /* Frameworks */,
				9B401F5D210844EE00DCC3BA /* Resources */,
			);
			buildRules = (
			);
			dependencies = (
				9B401F61210844EE00DCC3BA /* PBXTargetDependency */,
			);
			name = DynamicFormDemoTests;
			productName = DynamicFormDemoTests;
			productReference = 9B401F5F210844EE00DCC3BA /* DynamicFormDemoTests.xctest */;
			productType = "com.apple.product-type.bundle.unit-test";
		};
		9B401F69210844EE00DCC3BA /* DynamicFormDemoUITests */ = {
			isa = PBXNativeTarget;
			buildConfigurationList = 9B401F79210844EE00DCC3BA /* Build configuration list for PBXNativeTarget "DynamicFormDemoUITests" */;
			buildPhases = (
				9B401F66210844EE00DCC3BA /* Sources */,
				9B401F67210844EE00DCC3BA /* Frameworks */,
				9B401F68210844EE00DCC3BA /* Resources */,
			);
			buildRules = (
			);
			dependencies = (
				9B401F6C210844EE00DCC3BA /* PBXTargetDependency */,
			);
			name = DynamicFormDemoUITests;
			productName = DynamicFormDemoUITests;
			productReference = 9B401F6A210844EE00DCC3BA /* DynamicFormDemoUITests.xctest */;
			productType = "com.apple.product-type.bundle.ui-testing";
		};
/* End PBXNativeTarget section */

/* Begin PBXProject section */
		9B401F40210844DE00DCC3BA /* Project object */ = {
			isa = PBXProject;
			attributes = {
				LastSwiftUpdateCheck = 0930;
				LastUpgradeCheck = 0930;
				ORGANIZATIONNAME = VNSOFTECH;
				TargetAttributes = {
					9B401F47210844DF00DCC3BA = {
						CreatedOnToolsVersion = 9.3.1;
					};
					9B401F5E210844EE00DCC3BA = {
						CreatedOnToolsVersion = 9.3.1;
						TestTargetID = 9B401F47210844DF00DCC3BA;
					};
					9B401F69210844EE00DCC3BA = {
						CreatedOnToolsVersion = 9.3.1;
						TestTargetID = 9B401F47210844DF00DCC3BA;
					};
				};
			};
			buildConfigurationList = 9B401F43210844DE00DCC3BA /* Build configuration list for PBXProject "DynamicFormDemo" */;
			compatibilityVersion = "Xcode 9.3";
			developmentRegion = en;
			hasScannedForEncodings = 0;
			knownRegions = (
				en,
				Base,
			);
			mainGroup = 9B401F3F210844DE00DCC3BA;
			productRefGroup = 9B401F49210844DF00DCC3BA /* Products */;
			projectDirPath = "";
			projectRoot = "";
			targets = (
				9B401F47210844DF00DCC3BA /* DynamicFormDemo */,
				9B401F5E210844EE00DCC3BA /* DynamicFormDemoTests */,
				9B401F69210844EE00DCC3BA /* DynamicFormDemoUITests */,
			);
		};
/* End PBXProject section */

/* Begin PBXResourcesBuildPhase section */
		9B401F46210844DF00DCC3BA /* Resources */ = {
			isa = PBXResourcesBuildPhase;
			buildActionMask = 2147483647;
			files = (
				9B401F59210844ED00DCC3BA /* LaunchScreen.storyboard in Resources */,
				9B401F56210844ED00DCC3BA /* Assets.xcassets in Resources */,
				9B401F51210844DF00DCC3BA /* Main.storyboard in Resources */,
			);
			runOnlyForDeploymentPostprocessing = 0;
		};
		9B401F5D210844EE00DCC3BA /* Resources */ = {
			isa = PBXResourcesBuildPhase;
			buildActionMask = 2147483647;
			files = (
			);
			runOnlyForDeploymentPostprocessing = 0;
		};
		9B401F68210844EE00DCC3BA /* Resources */ = {
			isa = PBXResourcesBuildPhase;
			buildActionMask = 2147483647;
			files = (
			);
			runOnlyForDeploymentPostprocessing = 0;
		};
/* End PBXResourcesBuildPhase section */

/* Begin PBXSourcesBuildPhase section */
		9B401F44210844DF00DCC3BA /* Sources */ = {
			isa = PBXSourcesBuildPhase;
			buildActionMask = 2147483647;
			files = (
				9B401F4E210844DF00DCC3BA /* ViewController.swift in Sources */,
				9B401F4C210844DF00DCC3BA /* AppDelegate.swift in Sources */,
				9B401F54210844DF00DCC3BA /* DynamicFormDemo.xcdatamodeld in Sources */,
			);
			runOnlyForDeploymentPostprocessing = 0;
		};
		9B401F5B210844EE00DCC3BA /* Sources */ = {
			isa = PBXSourcesBuildPhase;
			buildActionMask = 2147483647;
			files = (
				9B401F64210844EE00DCC3BA /* DynamicFormDemoTests.swift in Sources */,
			);
			runOnlyForDeploymentPostprocessing = 0;
		};
		9B401F66210844EE00DCC3BA /* Sources */ = {
			isa = PBXSourcesBuildPhase;
			buildActionMask = 2147483647;
			files = (
				9B401F6F210844EE00DCC3BA /* DynamicFormDemoUITests.swift in Sources */,
			);
			runOnlyForDeploymentPostprocessing = 0;
		};
/* End PBXSourcesBuildPhase section */

/* Begin PBXTargetDependency section */
		9B401F61210844EE00DCC3BA /* PBXTargetDependency */ = {
			isa = PBXTargetDependency;
			target = 9B401F47210844DF00DCC3BA /* DynamicFormDemo */;
			targetProxy = 9B401F60210844EE00DCC3BA /* PBXContainerItemProxy */;
		};
		9B401F6C210844EE00DCC3BA /* PBXTargetDependency */ = {
			isa = PBXTargetDependency;
			target = 9B401F47210844DF00DCC3BA /* DynamicFormDemo */;
			targetProxy = 9B401F6B210844EE00DCC3BA /* PBXContainerItemProxy */;
		};
/* End PBXTargetDependency section */

/* Begin PBXVariantGroup section */
		9B401F4F210844DF00DCC3BA /* Main.storyboard */ = {
			isa = PBXVariantGroup;
			children = (
				9B401F50210844DF00DCC3BA /* Base */,
			);
			name = Main.storyboard;
			sourceTree = "<group>";
		};
		9B401F57210844ED00DCC3BA /* LaunchScreen.storyboard */ = {
			isa = PBXVariantGroup;
			children = (
				9B401F58210844ED00DCC3BA /* Base */,
			);
			name = LaunchScreen.storyboard;
			sourceTree = "<group>";
		};
/* End PBXVariantGroup section */

/* Begin XCBuildConfiguration section */
		9B401F71210844EE00DCC3BA /* Debug */ = {
			isa = XCBuildConfiguration;
			buildSettings = {
				ALWAYS_SEARCH_USER_PATHS = NO;
				CLANG_ANALYZER_NONNULL = YES;
				CLANG_ANALYZER_NUMBER_OBJECT_CONVERSION = YES_AGGRESSIVE;
				CLANG_CXX_LANGUAGE_STANDARD = "gnu++14";
				CLANG_CXX_LIBRARY = "libc++";
				CLANG_ENABLE_MODULES = YES;
				CLANG_ENABLE_OBJC_ARC = YES;
				CLANG_ENABLE_OBJC_WEAK = YES;
				CLANG_WARN_BLOCK_CAPTURE_AUTORELEASING = YES;
				CLANG_WARN_BOOL_CONVERSION = YES;
				CLANG_WARN_COMMA = YES;
				CLANG_WARN_CONSTANT_CONVERSION = YES;
				CLANG_WARN_DEPRECATED_OBJC_IMPLEMENTATIONS = YES;
				CLANG_WARN_DIRECT_OBJC_ISA_USAGE = YES_ERROR;
				CLANG_WARN_DOCUMENTATION_COMMENTS = YES;
				CLANG_WARN_EMPTY_BODY = YES;
				CLANG_WARN_ENUM_CONVERSION = YES;
				CLANG_WARN_INFINITE_RECURSION = YES;
				CLANG_WARN_INT_CONVERSION = YES;
				CLANG_WARN_NON_LITERAL_NULL_CONVERSION = YES;
				CLANG_WARN_OBJC_IMPLICIT_RETAIN_SELF = YES;
				CLANG_WARN_OBJC_LITERAL_CONVERSION = YES;
				CLANG_WARN_OBJC_ROOT_CLASS = YES_ERROR;
				CLANG_WARN_RANGE_LOOP_ANALYSIS = YES;
				CLANG_WARN_STRICT_PROTOTYPES = YES;
				CLANG_WARN_SUSPICIOUS_MOVE = YES;
				CLANG_WARN_UNGUARDED_AVAILABILITY = YES_AGGRESSIVE;
				CLANG_WARN_UNREACHABLE_CODE = YES;
				CLANG_WARN__DUPLICATE_METHOD_MATCH = YES;
				CODE_SIGN_IDENTITY = "iPhone Developer";
				COPY_PHASE_STRIP = NO;
				DEBUG_INFORMATION_FORMAT = dwarf;
				ENABLE_STRICT_OBJC_MSGSEND = YES;
				ENABLE_TESTABILITY = YES;
				GCC_C_LANGUAGE_STANDARD = gnu11;
				GCC_DYNAMIC_NO_PIC = NO;
				GCC_NO_COMMON_BLOCKS = YES;
				GCC_OPTIMIZATION_LEVEL = 0;
				GCC_PREPROCESSOR_DEFINITIONS = (
					"DEBUG=1",
					"$(inherited)",
				);
				GCC_WARN_64_TO_32_BIT_CONVERSION = YES;
				GCC_WARN_ABOUT_RETURN_TYPE = YES_ERROR;
				GCC_WARN_UNDECLARED_SELECTOR = YES;
				GCC_WARN_UNINITIALIZED_AUTOS = YES_AGGRESSIVE;
				GCC_WARN_UNUSED_FUNCTION = YES;
				GCC_WARN_UNUSED_VARIABLE = YES;
				IPHONEOS_DEPLOYMENT_TARGET = 11.3;
				MTL_ENABLE_DEBUG_INFO = YES;
				ONLY_ACTIVE_ARCH = YES;
				SDKROOT = iphoneos;
				SWIFT_ACTIVE_COMPILATION_CONDITIONS = DEBUG;
				SWIFT_OPTIMIZATION_LEVEL = "-Onone";
			};
			name = Debug;
		};
		9B401F72210844EE00DCC3BA /* Release */ = {
			isa = XCBuildConfiguration;
			buildSettings = {
				ALWAYS_SEARCH_USER_PATHS = NO;
				CLANG_ANALYZER_NONNULL = YES;
				CLANG_ANALYZER_NUMBER_OBJECT_CONVERSION = YES_AGGRESSIVE;
				CLANG_CXX_LANGUAGE_STANDARD = "gnu++14";
				CLANG_CXX_LIBRARY = "libc++";
				CLANG_ENABLE_MODULES = YES;
				CLANG_ENABLE_OBJC_ARC = YES;
				CLANG_ENABLE_OBJC_WEAK = YES;
				CLANG_WARN_BLOCK_CAPTURE_AUTORELEASING = YES;
				CLANG_WARN_BOOL_CONVERSION = YES;
				CLANG_WARN_COMMA = YES;
				CLANG_WARN_CONSTANT_CONVERSION = YES;
				CLANG_WARN_DEPRECATED_OBJC_IMPLEMENTATIONS = YES;
				CLANG_WARN_DIRECT_OBJC_ISA_USAGE = YES_ERROR;
				CLANG_WARN_DOCUMENTATION_COMMENTS = YES;
				CLANG_WARN_EMPTY_BODY = YES;
				CLANG_WARN_ENUM_CONVERSION = YES;
				CLANG_WARN_INFINITE_RECURSION = YES;
				CLANG_WARN_INT_CONVERSION = YES;
				CLANG_WARN_NON_LITERAL_NULL_CONVERSION = YES;
				CLANG_WARN_OBJC_IMPLICIT_RETAIN_SELF = YES;
				CLANG_WARN_OBJC_LITERAL_CONVERSION = YES;
				CLANG_WARN_OBJC_ROOT_CLASS = YES_ERROR;
				CLANG_WARN_RANGE_LOOP_ANALYSIS = YES;
				CLANG_WARN_STRICT_PROTOTYPES = YES;
				CLANG_WARN_SUSPICIOUS_MOVE = YES;
				CLANG_WARN_UNGUARDED_AVAILABILITY = YES_AGGRESSIVE;
				CLANG_WARN_UNREACHABLE_CODE = YES;
				CLANG_WARN__DUPLICATE_METHOD_MATCH = YES;
				CODE_SIGN_IDENTITY = "iPhone Developer";
				COPY_PHASE_STRIP = NO;
				DEBUG_INFORMATION_FORMAT = "dwarf-with-dsym";
				ENABLE_NS_ASSERTIONS = NO;
				ENABLE_STRICT_OBJC_MSGSEND = YES;
				GCC_C_LANGUAGE_STANDARD = gnu11;
				GCC_NO_COMMON_BLOCKS = YES;
				GCC_WARN_64_TO_32_BIT_CONVERSION = YES;
				GCC_WARN_ABOUT_RETURN_TYPE = YES_ERROR;
				GCC_WARN_UNDECLARED_SELECTOR = YES;
				GCC_WARN_UNINITIALIZED_AUTOS = YES_AGGRESSIVE;
				GCC_WARN_UNUSED_FUNCTION = YES;
				GCC_WARN_UNUSED_VARIABLE = YES;
				IPHONEOS_DEPLOYMENT_TARGET = 11.3;
				MTL_ENABLE_DEBUG_INFO = NO;
				SDKROOT = iphoneos;
				SWIFT_COMPILATION_MODE = wholemodule;
				SWIFT_OPTIMIZATION_LEVEL = "-O";
				VALIDATE_PRODUCT = YES;
			};
			name = Release;
		};
		9B401F74210844EE00DCC3BA /* Debug */ = {
			isa = XCBuildConfiguration;
			buildSettings = {
				ASSETCATALOG_COMPILER_APPICON_NAME = AppIcon;
				CODE_SIGN_STYLE = Automatic;
				INFOPLIST_FILE = DynamicFormDemo/Info.plist;
				LD_RUNPATH_SEARCH_PATHS = (
					"$(inherited)",
					"@executable_path/Frameworks",
				);
				PRODUCT_BUNDLE_IDENTIFIER = Com.VNSoftech.Raj.DynamicFormDemo;
				PRODUCT_NAME = "$(TARGET_NAME)";
				SWIFT_VERSION = 4.0;
				TARGETED_DEVICE_FAMILY = "1,2";
			};
			name = Debug;
		};
		9B401F75210844EE00DCC3BA /* Release */ = {
			isa = XCBuildConfiguration;
			buildSettings = {
				ASSETCATALOG_COMPILER_APPICON_NAME = AppIcon;
				CODE_SIGN_STYLE = Automatic;
				INFOPLIST_FILE = DynamicFormDemo/Info.plist;
				LD_RUNPATH_SEARCH_PATHS = (
					"$(inherited)",
					"@executable_path/Frameworks",
				);
				PRODUCT_BUNDLE_IDENTIFIER = Com.VNSoftech.Raj.DynamicFormDemo;
				PRODUCT_NAME = "$(TARGET_NAME)";
				SWIFT_VERSION = 4.0;
				TARGETED_DEVICE_FAMILY = "1,2";
			};
			name = Release;
		};
		9B401F77210844EE00DCC3BA /* Debug */ = {
			isa = XCBuildConfiguration;
			buildSettings = {
				ALWAYS_EMBED_SWIFT_STANDARD_LIBRARIES = YES;
				BUNDLE_LOADER = "$(TEST_HOST)";
				CODE_SIGN_STYLE = Automatic;
				INFOPLIST_FILE = DynamicFormDemoTests/Info.plist;
				LD_RUNPATH_SEARCH_PATHS = (
					"$(inherited)",
					"@executable_path/Frameworks",
					"@loader_path/Frameworks",
				);
				PRODUCT_BUNDLE_IDENTIFIER = Com.VNSoftech.DynamicFormDemoTests;
				PRODUCT_NAME = "$(TARGET_NAME)";
				SWIFT_VERSION = 4.0;
				TARGETED_DEVICE_FAMILY = "1,2";
				TEST_HOST = "$(BUILT_PRODUCTS_DIR)/DynamicFormDemo.app/DynamicFormDemo";
			};
			name = Debug;
		};
		9B401F78210844EE00DCC3BA /* Release */ = {
			isa = XCBuildConfiguration;
			buildSettings = {
				ALWAYS_EMBED_SWIFT_STANDARD_LIBRARIES = YES;
				BUNDLE_LOADER = "$(TEST_HOST)";
				CODE_SIGN_STYLE = Automatic;
				INFOPLIST_FILE = DynamicFormDemoTests/Info.plist;
				LD_RUNPATH_SEARCH_PATHS = (
					"$(inherited)",
					"@executable_path/Frameworks",
					"@loader_path/Frameworks",
				);
				PRODUCT_BUNDLE_IDENTIFIER = Com.VNSoftech.DynamicFormDemoTests;
				PRODUCT_NAME = "$(TARGET_NAME)";
				SWIFT_VERSION = 4.0;
				TARGETED_DEVICE_FAMILY = "1,2";
				TEST_HOST = "$(BUILT_PRODUCTS_DIR)/DynamicFormDemo.app/DynamicFormDemo";
			};
			name = Release;
		};
		9B401F7A210844EE00DCC3BA /* Debug */ = {
			isa = XCBuildConfiguration;
			buildSettings = {
				ALWAYS_EMBED_SWIFT_STANDARD_LIBRARIES = YES;
				CODE_SIGN_STYLE = Automatic;
				INFOPLIST_FILE = DynamicFormDemoUITests/Info.plist;
				LD_RUNPATH_SEARCH_PATHS = (
					"$(inherited)",
					"@executable_path/Frameworks",
					"@loader_path/Frameworks",
				);
				PRODUCT_BUNDLE_IDENTIFIER = Com.VNSoftech.DynamicFormDemoUITests;
				PRODUCT_NAME = "$(TARGET_NAME)";
				SWIFT_VERSION = 4.0;
				TARGETED_DEVICE_FAMILY = "1,2";
				TEST_TARGET_NAME = DynamicFormDemo;
			};
			name = Debug;
		};
		9B401F7B210844EE00DCC3BA /* Release */ = {
			isa = XCBuildConfiguration;
			buildSettings = {
				ALWAYS_EMBED_SWIFT_STANDARD_LIBRARIES = YES;
				CODE_SIGN_STYLE = Automatic;
				INFOPLIST_FILE = DynamicFormDemoUITests/Info.plist;
				LD_RUNPATH_SEARCH_PATHS = (
					"$(inherited)",
					"@executable_path/Frameworks",
					"@loader_path/Frameworks",
				);
				PRODUCT_BUNDLE_IDENTIFIER = Com.VNSoftech.DynamicFormDemoUITests;
				PRODUCT_NAME = "$(TARGET_NAME)";
				SWIFT_VERSION = 4.0;
				TARGETED_DEVICE_FAMILY = "1,2";
				TEST_TARGET_NAME = DynamicFormDemo;
			};
			name = Release;
		};
/* End XCBuildConfiguration section */

/* Begin XCConfigurationList section */
		9B401F43210844DE00DCC3BA /* Build configuration list for PBXProject "DynamicFormDemo" */ = {
			isa = XCConfigurationList;
			buildConfigurations = (
				9B401F71210844EE00DCC3BA /* Debug */,
				9B401F72210844EE00DCC3BA /* Release */,
			);
			defaultConfigurationIsVisible = 0;
			defaultConfigurationName = Release;
		};
		9B401F73210844EE00DCC3BA /* Build configuration list for PBXNativeTarget "DynamicFormDemo" */ = {
			isa = XCConfigurationList;
			buildConfigurations = (
				9B401F74210844EE00DCC3BA /* Debug */,
				9B401F75210844EE00DCC3BA /* Release */,
			);
			defaultConfigurationIsVisible = 0;
			defaultConfigurationName = Release;
		};
		9B401F76210844EE00DCC3BA /* Build configuration list for PBXNativeTarget "DynamicFormDemoTests" */ = {
			isa = XCConfigurationList;
			buildConfigurations = (
				9B401F77210844EE00DCC3BA /* Debug */,
				9B401F78210844EE00DCC3BA /* Release */,
			);
			defaultConfigurationIsVisible = 0;
			defaultConfigurationName = Release;
		};
		9B401F79210844EE00DCC3BA /* Build configuration list for PBXNativeTarget "DynamicFormDemoUITests" */ = {
			isa = XCConfigurationList;
			buildConfigurations = (
				9B401F7A210844EE00DCC3BA /* Debug */,
				9B401F7B210844EE00DCC3BA /* Release */,
			);
			defaultConfigurationIsVisible = 0;
			defaultConfigurationName = Release;
		};
/* End XCConfigurationList section */

/* Begin XCVersionGroup section */
		9B401F52210844DF00DCC3BA /* DynamicFormDemo.xcdatamodeld */ = {
			isa = XCVersionGroup;
			children = (
				9B401F53210844DF00DCC3BA /* DynamicFormDemo.xcdatamodel */,
			);
			currentVersion = 9B401F53210844DF00DCC3BA /* DynamicFormDemo.xcdatamodel */;
			path = DynamicFormDemo.xcdatamodeld;
			sourceTree = "<group>";
			versionGroupType = wrapper.xcdatamodel;
		};
/* End XCVersionGroup section */
	};
	rootObject = 9B401F40210844DE00DCC3BA /* Project object */;
}
